
Microsoft Visual Studio Solution File, Format Version 11.00
# Visual Studio 2010
Project("{FAE04EC0-301F-11D3-BF4B-00C04F79EFBC}") = "Sit.ActionsManager", "Sit.ActionsManager\Sit.ActionsManager.csproj", "{C82AE6EB-98E4-48AC-B8FF-E26CA31C3151}"
EndProject
Project("{FAE04EC0-301F-11D3-BF4B-00C04F79EFBC}") = "Sit.ActionsManager.Console", "Sit.ActionsManager.Console\Sit.ActionsManager.Console.csproj", "{0224165D-626B-4C98-8418-1B740DDD98A9}"
EndProject
Project("{2150E333-8FDC-42A3-9474-1A3956D46DE8}") = "Clients", "Clients", "{D94AFBDC-8B69-4FBD-971C-ADBF0E4AD8E1}"
EndProject
Project("{FAE04EC0-301F-11D3-BF4B-00C04F79EFBC}") = "Sit.ActionsManager.Gui", "Sit.ActionsManager.Gui\Sit.ActionsManager.Gui.csproj", "{71199F86-1903-46B8-8C46-463DCF3098DB}"
EndProject
Project("{FAE04EC0-301F-11D3-BF4B-00C04F79EFBC}") = "Sit.ActionsManager.Gui.Controls", "Sit.ActionsManager.Gui.Controls\Sit.ActionsManager.Gui.Controls.csproj", "{B4FE567B-16C3-480F-900A-68E5FA37EBF2}"
EndProject
Project("{2150E333-8FDC-42A3-9474-1A3956D46DE8}") = "Lib", "Lib", "{D0E42284-2FDB-4DA4-8983-CAE7D40D35CD}"
EndProject
Project("{2150E333-8FDC-42A3-9474-1A3956D46DE8}") = "StructureMap2.6.1", "StructureMap2.6.1", "{80F46109-5055-4AFE-BE8E-9690B7AF9D07}"
	ProjectSection(SolutionItems) = preProject
		Lib\StructureMap2.6.1\LICENSE.TXT = Lib\StructureMap2.6.1\LICENSE.TXT
		Lib\StructureMap2.6.1\Rhino.Mocks.dll = Lib\StructureMap2.6.1\Rhino.Mocks.dll
		Lib\StructureMap2.6.1\StructureMap.AutoMocking.dll = Lib\StructureMap2.6.1\StructureMap.AutoMocking.dll
		Lib\StructureMap2.6.1\StructureMap.AutoMocking.xml = Lib\StructureMap2.6.1\StructureMap.AutoMocking.xml
		Lib\StructureMap2.6.1\StructureMap.chm = Lib\StructureMap2.6.1\StructureMap.chm
		Lib\StructureMap2.6.1\StructureMap.dll = Lib\StructureMap2.6.1\StructureMap.dll
		Lib\StructureMap2.6.1\StructureMap.xml = Lib\StructureMap2.6.1\StructureMap.xml
		Lib\StructureMap2.6.1\StructureMapDoctor.exe = Lib\StructureMap2.6.1\StructureMapDoctor.exe
	EndProjectSection
EndProject
Project("{FAE04EC0-301F-11D3-BF4B-00C04F79EFBC}") = "Sit.ActionsManager.Test", "Sit.ActionsManager.Test\Sit.ActionsManager.Test.csproj", "{011AEC38-F6C0-41D0-B94C-C391AC1DC696}"
EndProject
Project("{2150E333-8FDC-42A3-9474-1A3956D46DE8}") = "Moq.4.0.10827", "Moq.4.0.10827", "{3F3ED135-957E-4918-A41C-FC049EC0E37D}"
EndProject
Project("{2150E333-8FDC-42A3-9474-1A3956D46DE8}") = "NET40", "NET40", "{4CE50973-1B63-4D3C-94E1-F14E79FD5E52}"
	ProjectSection(SolutionItems) = preProject
		Lib\Moq.4.0.10827\NET40\Moq.dll = Lib\Moq.4.0.10827\NET40\Moq.dll
		Lib\Moq.4.0.10827\NET40\Moq.pdb = Lib\Moq.4.0.10827\NET40\Moq.pdb
		Lib\Moq.4.0.10827\NET40\Moq.xml = Lib\Moq.4.0.10827\NET40\Moq.xml
	EndProjectSection
EndProject
Global
	GlobalSection(SolutionConfigurationPlatforms) = preSolution
		Debug|Any CPU = Debug|Any CPU
		Debug|Mixed Platforms = Debug|Mixed Platforms
		Debug|x86 = Debug|x86
		Release|Any CPU = Release|Any CPU
		Release|Mixed Platforms = Release|Mixed Platforms
		Release|x86 = Release|x86
	EndGlobalSection
	GlobalSection(ProjectConfigurationPlatforms) = postSolution
		{C82AE6EB-98E4-48AC-B8FF-E26CA31C3151}.Debug|Any CPU.ActiveCfg = Debug|Any CPU
		{C82AE6EB-98E4-48AC-B8FF-E26CA31C3151}.Debug|Any CPU.Build.0 = Debug|Any CPU
		{C82AE6EB-98E4-48AC-B8FF-E26CA31C3151}.Debug|Mixed Platforms.ActiveCfg = Debug|Any CPU
		{C82AE6EB-98E4-48AC-B8FF-E26CA31C3151}.Debug|Mixed Platforms.Build.0 = Debug|Any CPU
		{C82AE6EB-98E4-48AC-B8FF-E26CA31C3151}.Debug|x86.ActiveCfg = Debug|Any CPU
		{C82AE6EB-98E4-48AC-B8FF-E26CA31C3151}.Release|Any CPU.ActiveCfg = Release|Any CPU
		{C82AE6EB-98E4-48AC-B8FF-E26CA31C3151}.Release|Any CPU.Build.0 = Release|Any CPU
		{C82AE6EB-98E4-48AC-B8FF-E26CA31C3151}.Release|Mixed Platforms.ActiveCfg = Release|Any CPU
		{C82AE6EB-98E4-48AC-B8FF-E26CA31C3151}.Release|Mixed Platforms.Build.0 = Release|Any CPU
		{C82AE6EB-98E4-48AC-B8FF-E26CA31C3151}.Release|x86.ActiveCfg = Release|Any CPU
		{0224165D-626B-4C98-8418-1B740DDD98A9}.Debug|Any CPU.ActiveCfg = Debug|x86
		{0224165D-626B-4C98-8418-1B740DDD98A9}.Debug|Mixed Platforms.ActiveCfg = Debug|x86
		{0224165D-626B-4C98-8418-1B740DDD98A9}.Debug|Mixed Platforms.Build.0 = Debug|x86
		{0224165D-626B-4C98-8418-1B740DDD98A9}.Debug|x86.ActiveCfg = Debug|x86
		{0224165D-626B-4C98-8418-1B740DDD98A9}.Debug|x86.Build.0 = Debug|x86
		{0224165D-626B-4C98-8418-1B740DDD98A9}.Release|Any CPU.ActiveCfg = Release|x86
		{0224165D-626B-4C98-8418-1B740DDD98A9}.Release|Mixed Platforms.ActiveCfg = Release|x86
		{0224165D-626B-4C98-8418-1B740DDD98A9}.Release|Mixed Platforms.Build.0 = Release|x86
		{0224165D-626B-4C98-8418-1B740DDD98A9}.Release|x86.ActiveCfg = Release|x86
		{0224165D-626B-4C98-8418-1B740DDD98A9}.Release|x86.Build.0 = Release|x86
		{71199F86-1903-46B8-8C46-463DCF3098DB}.Debug|Any CPU.ActiveCfg = Debug|x86
		{71199F86-1903-46B8-8C46-463DCF3098DB}.Debug|Mixed Platforms.ActiveCfg = Debug|x86
		{71199F86-1903-46B8-8C46-463DCF3098DB}.Debug|Mixed Platforms.Build.0 = Debug|x86
		{71199F86-1903-46B8-8C46-463DCF3098DB}.Debug|x86.ActiveCfg = Debug|x86
		{71199F86-1903-46B8-8C46-463DCF3098DB}.Debug|x86.Build.0 = Debug|x86
		{71199F86-1903-46B8-8C46-463DCF3098DB}.Release|Any CPU.ActiveCfg = Release|x86
		{71199F86-1903-46B8-8C46-463DCF3098DB}.Release|Mixed Platforms.ActiveCfg = Release|x86
		{71199F86-1903-46B8-8C46-463DCF3098DB}.Release|Mixed Platforms.Build.0 = Release|x86
		{71199F86-1903-46B8-8C46-463DCF3098DB}.Release|x86.ActiveCfg = Release|x86
		{71199F86-1903-46B8-8C46-463DCF3098DB}.Release|x86.Build.0 = Release|x86
		{B4FE567B-16C3-480F-900A-68E5FA37EBF2}.Debug|Any CPU.ActiveCfg = Debug|Any CPU
		{B4FE567B-16C3-480F-900A-68E5FA37EBF2}.Debug|Any CPU.Build.0 = Debug|Any CPU
		{B4FE567B-16C3-480F-900A-68E5FA37EBF2}.Debug|Mixed Platforms.ActiveCfg = Debug|Any CPU
		{B4FE567B-16C3-480F-900A-68E5FA37EBF2}.Debug|Mixed Platforms.Build.0 = Debug|Any CPU
		{B4FE567B-16C3-480F-900A-68E5FA37EBF2}.Debug|x86.ActiveCfg = Debug|Any CPU
		{B4FE567B-16C3-480F-900A-68E5FA37EBF2}.Release|Any CPU.ActiveCfg = Release|Any CPU
		{B4FE567B-16C3-480F-900A-68E5FA37EBF2}.Release|Any CPU.Build.0 = Release|Any CPU
		{B4FE567B-16C3-480F-900A-68E5FA37EBF2}.Release|Mixed Platforms.ActiveCfg = Release|Any CPU
		{B4FE567B-16C3-480F-900A-68E5FA37EBF2}.Release|Mixed Platforms.Build.0 = Release|Any CPU
		{B4FE567B-16C3-480F-900A-68E5FA37EBF2}.Release|x86.ActiveCfg = Release|Any CPU
		{011AEC38-F6C0-41D0-B94C-C391AC1DC696}.Debug|Any CPU.ActiveCfg = Debug|Any CPU
		{011AEC38-F6C0-41D0-B94C-C391AC1DC696}.Debug|Any CPU.Build.0 = Debug|Any CPU
		{011AEC38-F6C0-41D0-B94C-C391AC1DC696}.Debug|Mixed Platforms.ActiveCfg = Debug|Any CPU
		{011AEC38-F6C0-41D0-B94C-C391AC1DC696}.Debug|Mixed Platforms.Build.0 = Debug|Any CPU
		{011AEC38-F6C0-41D0-B94C-C391AC1DC696}.Debug|x86.ActiveCfg = Debug|Any CPU
		{011AEC38-F6C0-41D0-B94C-C391AC1DC696}.Release|Any CPU.ActiveCfg = Release|Any CPU
		{011AEC38-F6C0-41D0-B94C-C391AC1DC696}.Release|Any CPU.Build.0 = Release|Any CPU
		{011AEC38-F6C0-41D0-B94C-C391AC1DC696}.Release|Mixed Platforms.ActiveCfg = Release|Any CPU
		{011AEC38-F6C0-41D0-B94C-C391AC1DC696}.Release|Mixed Platforms.Build.0 = Release|Any CPU
		{011AEC38-F6C0-41D0-B94C-C391AC1DC696}.Release|x86.ActiveCfg = Release|Any CPU
	EndGlobalSection
	GlobalSection(SolutionProperties) = preSolution
		HideSolutionNode = FALSE
	EndGlobalSection
	GlobalSection(NestedProjects) = preSolution
		{0224165D-626B-4C98-8418-1B740DDD98A9} = {D94AFBDC-8B69-4FBD-971C-ADBF0E4AD8E1}
		{71199F86-1903-46B8-8C46-463DCF3098DB} = {D94AFBDC-8B69-4FBD-971C-ADBF0E4AD8E1}
		{B4FE567B-16C3-480F-900A-68E5FA37EBF2} = {D94AFBDC-8B69-4FBD-971C-ADBF0E4AD8E1}
		{80F46109-5055-4AFE-BE8E-9690B7AF9D07} = {D0E42284-2FDB-4DA4-8983-CAE7D40D35CD}
		{3F3ED135-957E-4918-A41C-FC049EC0E37D} = {D0E42284-2FDB-4DA4-8983-CAE7D40D35CD}
		{4CE50973-1B63-4D3C-94E1-F14E79FD5E52} = {3F3ED135-957E-4918-A41C-FC049EC0E37D}
	EndGlobalSection
EndGlobal
