
Microsoft Visual Studio Solution File, Format Version 11.00
# Visual Studio 2010
Project("{FAE04EC0-301F-11D3-BF4B-00C04F79EFBC}") = "Sit.ActionsManager", "Sit.ActionsManager\Sit.ActionsManager.csproj", "{C82AE6EB-98E4-48AC-B8FF-E26CA31C3151}"
EndProject
Project("{FAE04EC0-301F-11D3-BF4B-00C04F79EFBC}") = "Sit.ActionsManager.Console", "Sit.ActionsManager.Console\Sit.ActionsManager.Console.csproj", "{0224165D-626B-4C98-8418-1B740DDD98A9}"
EndProject
Project("{2150E333-8FDC-42A3-9474-1A3956D46DE8}") = "Clients", "Clients", "{D94AFBDC-8B69-4FBD-971C-ADBF0E4AD8E1}"
EndProject
Global
	GlobalSection(SolutionConfigurationPlatforms) = preSolution
		Debug|Any CPU = Debug|Any CPU
		Debug|Mixed Platforms = Debug|Mixed Platforms
		Debug|x86 = Debug|x86
		Release|Any CPU = Release|Any CPU
		Release|Mixed Platforms = Release|Mixed Platforms
		Release|x86 = Release|x86
	EndGlobalSection
	GlobalSection(ProjectConfigurationPlatforms) = postSolution
		{C82AE6EB-98E4-48AC-B8FF-E26CA31C3151}.Debug|Any CPU.ActiveCfg = Debug|Any CPU
		{C82AE6EB-98E4-48AC-B8FF-E26CA31C3151}.Debug|Any CPU.Build.0 = Debug|Any CPU
		{C82AE6EB-98E4-48AC-B8FF-E26CA31C3151}.Debug|Mixed Platforms.ActiveCfg = Debug|Any CPU
		{C82AE6EB-98E4-48AC-B8FF-E26CA31C3151}.Debug|Mixed Platforms.Build.0 = Debug|Any CPU
		{C82AE6EB-98E4-48AC-B8FF-E26CA31C3151}.Debug|x86.ActiveCfg = Debug|Any CPU
		{C82AE6EB-98E4-48AC-B8FF-E26CA31C3151}.Release|Any CPU.ActiveCfg = Release|Any CPU
		{C82AE6EB-98E4-48AC-B8FF-E26CA31C3151}.Release|Any CPU.Build.0 = Release|Any CPU
		{C82AE6EB-98E4-48AC-B8FF-E26CA31C3151}.Release|Mixed Platforms.ActiveCfg = Release|Any CPU
		{C82AE6EB-98E4-48AC-B8FF-E26CA31C3151}.Release|Mixed Platforms.Build.0 = Release|Any CPU
		{C82AE6EB-98E4-48AC-B8FF-E26CA31C3151}.Release|x86.ActiveCfg = Release|Any CPU
		{0224165D-626B-4C98-8418-1B740DDD98A9}.Debug|Any CPU.ActiveCfg = Debug|x86
		{0224165D-626B-4C98-8418-1B740DDD98A9}.Debug|Mixed Platforms.ActiveCfg = Debug|x86
		{0224165D-626B-4C98-8418-1B740DDD98A9}.Debug|Mixed Platforms.Build.0 = Debug|x86
		{0224165D-626B-4C98-8418-1B740DDD98A9}.Debug|x86.ActiveCfg = Debug|x86
		{0224165D-626B-4C98-8418-1B740DDD98A9}.Debug|x86.Build.0 = Debug|x86
		{0224165D-626B-4C98-8418-1B740DDD98A9}.Release|Any CPU.ActiveCfg = Release|x86
		{0224165D-626B-4C98-8418-1B740DDD98A9}.Release|Mixed Platforms.ActiveCfg = Release|x86
		{0224165D-626B-4C98-8418-1B740DDD98A9}.Release|Mixed Platforms.Build.0 = Release|x86
		{0224165D-626B-4C98-8418-1B740DDD98A9}.Release|x86.ActiveCfg = Release|x86
		{0224165D-626B-4C98-8418-1B740DDD98A9}.Release|x86.Build.0 = Release|x86
	EndGlobalSection
	GlobalSection(SolutionProperties) = preSolution
		HideSolutionNode = FALSE
	EndGlobalSection
	GlobalSection(NestedProjects) = preSolution
		{0224165D-626B-4C98-8418-1B740DDD98A9} = {D94AFBDC-8B69-4FBD-971C-ADBF0E4AD8E1}
	EndGlobalSection
EndGlobal
